
Microsoft Visual Studio Solution File, Format Version 12.00
# Visual Studio Version 16
VisualStudioVersion = 16.0.31515.178
MinimumVisualStudioVersion = 10.0.40219.1
Project("{FAE04EC0-301F-11D3-BF4B-00C04F79EFBC}") = "Updater", "LauncherUpdater\ConsoleApp1\Updater.csproj", "{99E290C8-4955-4A81-A032-25FEC6583D6B}"
EndProject
Project("{FAE04EC0-301F-11D3-BF4B-00C04F79EFBC}") = "Launcher", "Launcher\Launcher.csproj", "{02F36A4F-E6AD-4778-A168-D1FB2594D74F}"
EndProject
Global
	GlobalSection(SolutionConfigurationPlatforms) = preSolution
		Debug|Any CPU = Debug|Any CPU
		Release|Any CPU = Release|Any CPU
	EndGlobalSection
	GlobalSection(ProjectConfigurationPlatforms) = postSolution
		{99E290C8-4955-4A81-A032-25FEC6583D6B}.Debug|Any CPU.ActiveCfg = Debug|Any CPU
		{99E290C8-4955-4A81-A032-25FEC6583D6B}.Debug|Any CPU.Build.0 = Debug|Any CPU
		{99E290C8-4955-4A81-A032-25FEC6583D6B}.Release|Any CPU.ActiveCfg = Release|Any CPU
		{99E290C8-4955-4A81-A032-25FEC6583D6B}.Release|Any CPU.Build.0 = Release|Any CPU
		{02F36A4F-E6AD-4778-A168-D1FB2594D74F}.Debug|Any CPU.ActiveCfg = Debug|Any CPU
		{02F36A4F-E6AD-4778-A168-D1FB2594D74F}.Debug|Any CPU.Build.0 = Debug|Any CPU
		{02F36A4F-E6AD-4778-A168-D1FB2594D74F}.Release|Any CPU.ActiveCfg = Release|Any CPU
		{02F36A4F-E6AD-4778-A168-D1FB2594D74F}.Release|Any CPU.Build.0 = Release|Any CPU
	EndGlobalSection
	GlobalSection(SolutionProperties) = preSolution
		HideSolutionNode = FALSE
	EndGlobalSection
	GlobalSection(ExtensibilityGlobals) = postSolution
		SolutionGuid = {B0E59928-FD0E-451F-8F62-84FD89D12B31}
	EndGlobalSection
EndGlobal
